// !$*UTF8*$!
{
	archiveVersion = 1;
	classes = {
	};
	objectVersion = 56;
	objects = {

/* Begin PBXBuildFile section */
		590997722A25471E008FA08D /* How_To_Use_Dynamic_Coding_KeysApp.swift in Sources */ = {isa = PBXBuildFile; fileRef = 590997712A25471E008FA08D /* How_To_Use_Dynamic_Coding_KeysApp.swift */; };
		590997742A25471E008FA08D /* ContentView.swift in Sources */ = {isa = PBXBuildFile; fileRef = 590997732A25471E008FA08D /* ContentView.swift */; };
		590997762A25471F008FA08D /* Assets.xcassets in Resources */ = {isa = PBXBuildFile; fileRef = 590997752A25471F008FA08D /* Assets.xcassets */; };
		590997792A25471F008FA08D /* Preview Assets.xcassets in Resources */ = {isa = PBXBuildFile; fileRef = 590997782A25471F008FA08D /* Preview Assets.xcassets */; };
		5920A5552A25480E00734E9B /* homesData.json in Resources */ = {isa = PBXBuildFile; fileRef = 5920A5542A25480E00734E9B /* homesData.json */; };
		5920A5572A2548B200734E9B /* NetworkManager.swift in Sources */ = {isa = PBXBuildFile; fileRef = 5920A5562A2548B200734E9B /* NetworkManager.swift */; };
		5920A5592A2548CD00734E9B /* Home.swift in Sources */ = {isa = PBXBuildFile; fileRef = 5920A5582A2548CD00734E9B /* Home.swift */; };
		5920A55B2A25493200734E9B /* HomeListView.swift in Sources */ = {isa = PBXBuildFile; fileRef = 5920A55A2A25493200734E9B /* HomeListView.swift */; };
/* End PBXBuildFile section */

/* Begin PBXFileReference section */
		5909976E2A25471E008FA08D /* How-To-Use-Dynamic-Coding-Keys.app */ = {isa = PBXFileReference; explicitFileType = wrapper.application; includeInIndex = 0; path = "How-To-Use-Dynamic-Coding-Keys.app"; sourceTree = BUILT_PRODUCTS_DIR; };
		590997712A25471E008FA08D /* How_To_Use_Dynamic_Coding_KeysApp.swift */ = {isa = PBXFileReference; lastKnownFileType = sourcecode.swift; path = How_To_Use_Dynamic_Coding_KeysApp.swift; sourceTree = "<group>"; };
		590997732A25471E008FA08D /* ContentView.swift */ = {isa = PBXFileReference; lastKnownFileType = sourcecode.swift; path = ContentView.swift; sourceTree = "<group>"; };
		590997752A25471F008FA08D /* Assets.xcassets */ = {isa = PBXFileReference; lastKnownFileType = folder.assetcatalog; path = Assets.xcassets; sourceTree = "<group>"; };
		590997782A25471F008FA08D /* Preview Assets.xcassets */ = {isa = PBXFileReference; lastKnownFileType = folder.assetcatalog; path = "Preview Assets.xcassets"; sourceTree = "<group>"; };
		5920A5542A25480E00734E9B /* homesData.json */ = {isa = PBXFileReference; lastKnownFileType = text.json; path = homesData.json; sourceTree = "<group>"; };
		5920A5562A2548B200734E9B /* NetworkManager.swift */ = {isa = PBXFileReference; lastKnownFileType = sourcecode.swift; path = NetworkManager.swift; sourceTree = "<group>"; };
		5920A5582A2548CD00734E9B /* Home.swift */ = {isa = PBXFileReference; lastKnownFileType = sourcecode.swift; path = Home.swift; sourceTree = "<group>"; };
		5920A55A2A25493200734E9B /* HomeListView.swift */ = {isa = PBXFileReference; lastKnownFileType = sourcecode.swift; path = HomeListView.swift; sourceTree = "<group>"; };
/* End PBXFileReference section */

/* Begin PBXFrameworksBuildPhase section */
		5909976B2A25471E008FA08D /* Frameworks */ = {
			isa = PBXFrameworksBuildPhase;
			buildActionMask = 2147483647;
			files = (
			);
			runOnlyForDeploymentPostprocessing = 0;
		};
/* End PBXFrameworksBuildPhase section */

/* Begin PBXGroup section */
		590997652A25471D008FA08D = {
			isa = PBXGroup;
			children = (
				590997702A25471E008FA08D /* How-To-Use-Dynamic-Coding-Keys */,
				5909976F2A25471E008FA08D /* Products */,
			);
			sourceTree = "<group>";
		};
		5909976F2A25471E008FA08D /* Products */ = {
			isa = PBXGroup;
			children = (
				5909976E2A25471E008FA08D /* How-To-Use-Dynamic-Coding-Keys.app */,
			);
			name = Products;
			sourceTree = "<group>";
		};
		590997702A25471E008FA08D /* How-To-Use-Dynamic-Coding-Keys */ = {
			isa = PBXGroup;
			children = (
				5920A5542A25480E00734E9B /* homesData.json */,
				590997712A25471E008FA08D /* How_To_Use_Dynamic_Coding_KeysApp.swift */,
				590997732A25471E008FA08D /* ContentView.swift */,
				5920A5562A2548B200734E9B /* NetworkManager.swift */,
				5920A55A2A25493200734E9B /* HomeListView.swift */,
				5920A5582A2548CD00734E9B /* Home.swift */,
				590997752A25471F008FA08D /* Assets.xcassets */,
				590997772A25471F008FA08D /* Preview Content */,
			);
			path = "How-To-Use-Dynamic-Coding-Keys";
			sourceTree = "<group>";
		};
		590997772A25471F008FA08D /* Preview Content */ = {
			isa = PBXGroup;
			children = (
				590997782A25471F008FA08D /* Preview Assets.xcassets */,
			);
			path = "Preview Content";
			sourceTree = "<group>";
		};
/* End PBXGroup section */

/* Begin PBXNativeTarget section */
		5909976D2A25471E008FA08D /* How-To-Use-Dynamic-Coding-Keys */ = {
			isa = PBXNativeTarget;
			buildConfigurationList = 5909977C2A25471F008FA08D /* Build configuration list for PBXNativeTarget "How-To-Use-Dynamic-Coding-Keys" */;
			buildPhases = (
				5909976A2A25471E008FA08D /* Sources */,
				5909976B2A25471E008FA08D /* Frameworks */,
				5909976C2A25471E008FA08D /* Resources */,
			);
			buildRules = (
			);
			dependencies = (
			);
			name = "How-To-Use-Dynamic-Coding-Keys";
			productName = "How-To-Use-Dynamic-Coding-Keys";
			productReference = 5909976E2A25471E008FA08D /* How-To-Use-Dynamic-Coding-Keys.app */;
			productType = "com.apple.product-type.application";
		};
/* End PBXNativeTarget section */

/* Begin PBXProject section */
		590997662A25471D008FA08D /* Project object */ = {
			isa = PBXProject;
			attributes = {
				BuildIndependentTargetsInParallel = 1;
				LastSwiftUpdateCheck = 1420;
				LastUpgradeCheck = 1420;
				TargetAttributes = {
					5909976D2A25471E008FA08D = {
						CreatedOnToolsVersion = 14.2;
					};
				};
			};
			buildConfigurationList = 590997692A25471D008FA08D /* Build configuration list for PBXProject "How-To-Use-Dynamic-Coding-Keys" */;
			compatibilityVersion = "Xcode 14.0";
			developmentRegion = en;
			hasScannedForEncodings = 0;
			knownRegions = (
				en,
				Base,
			);
			mainGroup = 590997652A25471D008FA08D;
			productRefGroup = 5909976F2A25471E008FA08D /* Products */;
			projectDirPath = "";
			projectRoot = "";
			targets = (
				5909976D2A25471E008FA08D /* How-To-Use-Dynamic-Coding-Keys */,
			);
		};
/* End PBXProject section */

/* Begin PBXResourcesBuildPhase section */
		5909976C2A25471E008FA08D /* Resources */ = {
			isa = PBXResourcesBuildPhase;
			buildActionMask = 2147483647;
			files = (
				590997792A25471F008FA08D /* Preview Assets.xcassets in Resources */,
				590997762A25471F008FA08D /* Assets.xcassets in Resources */,
				5920A5552A25480E00734E9B /* homesData.json in Resources */,
			);
			runOnlyForDeploymentPostprocessing = 0;
		};
/* End PBXResourcesBuildPhase section */

/* Begin PBXSourcesBuildPhase section */
		5909976A2A25471E008FA08D /* Sources */ = {
			isa = PBXSourcesBuildPhase;
			buildActionMask = 2147483647;
			files = (
				5920A5572A2548B200734E9B /* NetworkManager.swift in Sources */,
				590997742A25471E008FA08D /* ContentView.swift in Sources */,
				5920A55B2A25493200734E9B /* HomeListView.swift in Sources */,
				5920A5592A2548CD00734E9B /* Home.swift in Sources */,
				590997722A25471E008FA08D /* How_To_Use_Dynamic_Coding_KeysApp.swift in Sources */,
			);
			runOnlyForDeploymentPostprocessing = 0;
		};
/* End PBXSourcesBuildPhase section */

/* Begin XCBuildConfiguration section */
		5909977A2A25471F008FA08D /* Debug */ = {
			isa = XCBuildConfiguration;
			buildSettings = {
				ALWAYS_SEARCH_USER_PATHS = NO;
				CLANG_ANALYZER_NONNULL = YES;
				CLANG_ANALYZER_NUMBER_OBJECT_CONVERSION = YES_AGGRESSIVE;
				CLANG_CXX_LANGUAGE_STANDARD = "gnu++20";
				CLANG_ENABLE_MODULES = YES;
				CLANG_ENABLE_OBJC_ARC = YES;
				CLANG_ENABLE_OBJC_WEAK = YES;
				CLANG_WARN_BLOCK_CAPTURE_AUTORELEASING = YES;
				CLANG_WARN_BOOL_CONVERSION = YES;
				CLANG_WARN_COMMA = YES;
				CLANG_WARN_CONSTANT_CONVERSION = YES;
				CLANG_WARN_DEPRECATED_OBJC_IMPLEMENTATIONS = YES;
				CLANG_WARN_DIRECT_OBJC_ISA_USAGE = YES_ERROR;
				CLANG_WARN_DOCUMENTATION_COMMENTS = YES;
				CLANG_WARN_EMPTY_BODY = YES;
				CLANG_WARN_ENUM_CONVERSION = YES;
				CLANG_WARN_INFINITE_RECURSION = YES;
				CLANG_WARN_INT_CONVERSION = YES;
				CLANG_WARN_NON_LITERAL_NULL_CONVERSION = YES;
				CLANG_WARN_OBJC_IMPLICIT_RETAIN_SELF = YES;
				CLANG_WARN_OBJC_LITERAL_CONVERSION = YES;
				CLANG_WARN_OBJC_ROOT_CLASS = YES_ERROR;
				CLANG_WARN_QUOTED_INCLUDE_IN_FRAMEWORK_HEADER = YES;
				CLANG_WARN_RANGE_LOOP_ANALYSIS = YES;
				CLANG_WARN_STRICT_PROTOTYPES = YES;
				CLANG_WARN_SUSPICIOUS_MOVE = YES;
				CLANG_WARN_UNGUARDED_AVAILABILITY = YES_AGGRESSIVE;
				CLANG_WARN_UNREACHABLE_CODE = YES;
				CLANG_WARN__DUPLICATE_METHOD_MATCH = YES;
				COPY_PHASE_STRIP = NO;
				DEBUG_INFORMATION_FORMAT = dwarf;
				ENABLE_STRICT_OBJC_MSGSEND = YES;
				ENABLE_TESTABILITY = YES;
				GCC_C_LANGUAGE_STANDARD = gnu11;
				GCC_DYNAMIC_NO_PIC = NO;
				GCC_NO_COMMON_BLOCKS = YES;
				GCC_OPTIMIZATION_LEVEL = 0;
				GCC_PREPROCESSOR_DEFINITIONS = (
					"DEBUG=1",
					"$(inherited)",
				);
				GCC_WARN_64_TO_32_BIT_CONVERSION = YES;
				GCC_WARN_ABOUT_RETURN_TYPE = YES_ERROR;
				GCC_WARN_UNDECLARED_SELECTOR = YES;
				GCC_WARN_UNINITIALIZED_AUTOS = YES_AGGRESSIVE;
				GCC_WARN_UNUSED_FUNCTION = YES;
				GCC_WARN_UNUSED_VARIABLE = YES;
				IPHONEOS_DEPLOYMENT_TARGET = 16.2;
				MTL_ENABLE_DEBUG_INFO = INCLUDE_SOURCE;
				MTL_FAST_MATH = YES;
				ONLY_ACTIVE_ARCH = YES;
				SDKROOT = iphoneos;
				SWIFT_ACTIVE_COMPILATION_CONDITIONS = DEBUG;
				SWIFT_OPTIMIZATION_LEVEL = "-Onone";
			};
			name = Debug;
		};
		5909977B2A25471F008FA08D /* Release */ = {
			isa = XCBuildConfiguration;
			buildSettings = {
				ALWAYS_SEARCH_USER_PATHS = NO;
				CLANG_ANALYZER_NONNULL = YES;
				CLANG_ANALYZER_NUMBER_OBJECT_CONVERSION = YES_AGGRESSIVE;
				CLANG_CXX_LANGUAGE_STANDARD = "gnu++20";
				CLANG_ENABLE_MODULES = YES;
				CLANG_ENABLE_OBJC_ARC = YES;
				CLANG_ENABLE_OBJC_WEAK = YES;
				CLANG_WARN_BLOCK_CAPTURE_AUTORELEASING = YES;
				CLANG_WARN_BOOL_CONVERSION = YES;
				CLANG_WARN_COMMA = YES;
				CLANG_WARN_CONSTANT_CONVERSION = YES;
				CLANG_WARN_DEPRECATED_OBJC_IMPLEMENTATIONS = YES;
				CLANG_WARN_DIRECT_OBJC_ISA_USAGE = YES_ERROR;
				CLANG_WARN_DOCUMENTATION_COMMENTS = YES;
				CLANG_WARN_EMPTY_BODY = YES;
				CLANG_WARN_ENUM_CONVERSION = YES;
				CLANG_WARN_INFINITE_RECURSION = YES;
				CLANG_WARN_INT_CONVERSION = YES;
				CLANG_WARN_NON_LITERAL_NULL_CONVERSION = YES;
				CLANG_WARN_OBJC_IMPLICIT_RETAIN_SELF = YES;
				CLANG_WARN_OBJC_LITERAL_CONVERSION = YES;
				CLANG_WARN_OBJC_ROOT_CLASS = YES_ERROR;
				CLANG_WARN_QUOTED_INCLUDE_IN_FRAMEWORK_HEADER = YES;
				CLANG_WARN_RANGE_LOOP_ANALYSIS = YES;
				CLANG_WARN_STRICT_PROTOTYPES = YES;
				CLANG_WARN_SUSPICIOUS_MOVE = YES;
				CLANG_WARN_UNGUARDED_AVAILABILITY = YES_AGGRESSIVE;
				CLANG_WARN_UNREACHABLE_CODE = YES;
				CLANG_WARN__DUPLICATE_METHOD_MATCH = YES;
				COPY_PHASE_STRIP = NO;
				DEBUG_INFORMATION_FORMAT = "dwarf-with-dsym";
				ENABLE_NS_ASSERTIONS = NO;
				ENABLE_STRICT_OBJC_MSGSEND = YES;
				GCC_C_LANGUAGE_STANDARD = gnu11;
				GCC_NO_COMMON_BLOCKS = YES;
				GCC_WARN_64_TO_32_BIT_CONVERSION = YES;
				GCC_WARN_ABOUT_RETURN_TYPE = YES_ERROR;
				GCC_WARN_UNDECLARED_SELECTOR = YES;
				GCC_WARN_UNINITIALIZED_AUTOS = YES_AGGRESSIVE;
				GCC_WARN_UNUSED_FUNCTION = YES;
				GCC_WARN_UNUSED_VARIABLE = YES;
				IPHONEOS_DEPLOYMENT_TARGET = 16.2;
				MTL_ENABLE_DEBUG_INFO = NO;
				MTL_FAST_MATH = YES;
				SDKROOT = iphoneos;
				SWIFT_COMPILATION_MODE = wholemodule;
				SWIFT_OPTIMIZATION_LEVEL = "-O";
				VALIDATE_PRODUCT = YES;
			};
			name = Release;
		};
		5909977D2A25471F008FA08D /* Debug */ = {
			isa = XCBuildConfiguration;
			buildSettings = {
				ASSETCATALOG_COMPILER_APPICON_NAME = AppIcon;
				ASSETCATALOG_COMPILER_GLOBAL_ACCENT_COLOR_NAME = AccentColor;
				CODE_SIGN_STYLE = Automatic;
				CURRENT_PROJECT_VERSION = 1;
				DEVELOPMENT_ASSET_PATHS = "\"How-To-Use-Dynamic-Coding-Keys/Preview Content\"";
				DEVELOPMENT_TEAM = GMC4Z3BP4Y;
				ENABLE_PREVIEWS = YES;
				GENERATE_INFOPLIST_FILE = YES;
				INFOPLIST_KEY_UIApplicationSceneManifest_Generation = YES;
				INFOPLIST_KEY_UIApplicationSupportsIndirectInputEvents = YES;
				INFOPLIST_KEY_UILaunchScreen_Generation = YES;
				INFOPLIST_KEY_UISupportedInterfaceOrientations_iPad = "UIInterfaceOrientationPortrait UIInterfaceOrientationPortraitUpsideDown UIInterfaceOrientationLandscapeLeft UIInterfaceOrientationLandscapeRight";
				INFOPLIST_KEY_UISupportedInterfaceOrientations_iPhone = "UIInterfaceOrientationPortrait UIInterfaceOrientationLandscapeLeft UIInterfaceOrientationLandscapeRight";
				LD_RUNPATH_SEARCH_PATHS = (
					"$(inherited)",
					"@executable_path/Frameworks",
				);
				MARKETING_VERSION = 1.0;
				PRODUCT_BUNDLE_IDENTIFIER = "com.kellough.How-To-Use-Dynamic-Coding-Keys";
				PRODUCT_NAME = "$(TARGET_NAME)";
				SWIFT_EMIT_LOC_STRINGS = YES;
				SWIFT_VERSION = 5.0;
				TARGETED_DEVICE_FAMILY = "1,2";
			};
			name = Debug;
		};
		5909977E2A25471F008FA08D /* Release */ = {
			isa = XCBuildConfiguration;
			buildSettings = {
				ASSETCATALOG_COMPILER_APPICON_NAME = AppIcon;
				ASSETCATALOG_COMPILER_GLOBAL_ACCENT_COLOR_NAME = AccentColor;
				CODE_SIGN_STYLE = Automatic;
				CURRENT_PROJECT_VERSION = 1;
				DEVELOPMENT_ASSET_PATHS = "\"How-To-Use-Dynamic-Coding-Keys/Preview Content\"";
				DEVELOPMENT_TEAM = GMC4Z3BP4Y;
				ENABLE_PREVIEWS = YES;
				GENERATE_INFOPLIST_FILE = YES;
				INFOPLIST_KEY_UIApplicationSceneManifest_Generation = YES;
				INFOPLIST_KEY_UIApplicationSupportsIndirectInputEvents = YES;
				INFOPLIST_KEY_UILaunchScreen_Generation = YES;
				INFOPLIST_KEY_UISupportedInterfaceOrientations_iPad = "UIInterfaceOrientationPortrait UIInterfaceOrientationPortraitUpsideDown UIInterfaceOrientationLandscapeLeft UIInterfaceOrientationLandscapeRight";
				INFOPLIST_KEY_UISupportedInterfaceOrientations_iPhone = "UIInterfaceOrientationPortrait UIInterfaceOrientationLandscapeLeft UIInterfaceOrientationLandscapeRight";
				LD_RUNPATH_SEARCH_PATHS = (
					"$(inherited)",
					"@executable_path/Frameworks",
				);
				MARKETING_VERSION = 1.0;
				PRODUCT_BUNDLE_IDENTIFIER = "com.kellough.How-To-Use-Dynamic-Coding-Keys";
				PRODUCT_NAME = "$(TARGET_NAME)";
				SWIFT_EMIT_LOC_STRINGS = YES;
				SWIFT_VERSION = 5.0;
				TARGETED_DEVICE_FAMILY = "1,2";
			};
			name = Release;
		};
/* End XCBuildConfiguration section */

/* Begin XCConfigurationList section */
		590997692A25471D008FA08D /* Build configuration list for PBXProject "How-To-Use-Dynamic-Coding-Keys" */ = {
			isa = XCConfigurationList;
			buildConfigurations = (
				5909977A2A25471F008FA08D /* Debug */,
				5909977B2A25471F008FA08D /* Release */,
			);
			defaultConfigurationIsVisible = 0;
			defaultConfigurationName = Release;
		};
		5909977C2A25471F008FA08D /* Build configuration list for PBXNativeTarget "How-To-Use-Dynamic-Coding-Keys" */ = {
			isa = XCConfigurationList;
			buildConfigurations = (
				5909977D2A25471F008FA08D /* Debug */,
				5909977E2A25471F008FA08D /* Release */,
			);
			defaultConfigurationIsVisible = 0;
			defaultConfigurationName = Release;
		};
/* End XCConfigurationList section */
	};
	rootObject = 590997662A25471D008FA08D /* Project object */;
}
